// !$*UTF8*$!
{
	archiveVersion = 1;
	classes = {
	};
	objectVersion = 46;
	objects = {

/* Begin PBXBuildFile section */
		84A6958219DC97D30036802A /* main.m in Sources */ = {isa = PBXBuildFile; fileRef = 84A6958119DC97D30036802A /* main.m */; };
		84A6958519DC97D30036802A /* AppDelegate.m in Sources */ = {isa = PBXBuildFile; fileRef = 84A6958419DC97D30036802A /* AppDelegate.m */; };
		84A6958819DC97D30036802A /* ViewController.m in Sources */ = {isa = PBXBuildFile; fileRef = 84A6958719DC97D30036802A /* ViewController.m */; };
		84A6958B19DC97D30036802A /* Main.storyboard in Resources */ = {isa = PBXBuildFile; fileRef = 84A6958919DC97D30036802A /* Main.storyboard */; };
		84A6958D19DC97D30036802A /* Images.xcassets in Resources */ = {isa = PBXBuildFile; fileRef = 84A6958C19DC97D30036802A /* Images.xcassets */; };
		84A6959019DC97D30036802A /* LaunchScreen.xib in Resources */ = {isa = PBXBuildFile; fileRef = 84A6958E19DC97D30036802A /* LaunchScreen.xib */; };
		84A6959C19DC97D30036802A /* MCTTableViewDataProviderTests.m in Sources */ = {isa = PBXBuildFile; fileRef = 84A6959B19DC97D30036802A /* MCTTableViewDataProviderTests.m */; };
/* End PBXBuildFile section */

/* Begin PBXContainerItemProxy section */
		84A6959619DC97D30036802A /* PBXContainerItemProxy */ = {
			isa = PBXContainerItemProxy;
			containerPortal = 84A6957419DC97D30036802A /* Project object */;
			proxyType = 1;
			remoteGlobalIDString = 84A6957B19DC97D30036802A;
			remoteInfo = MCTTableViewDataProvider;
		};
/* End PBXContainerItemProxy section */

/* Begin PBXFileReference section */
		84A6957C19DC97D30036802A /* MCTTableViewDataProvider.app */ = {isa = PBXFileReference; explicitFileType = wrapper.application; includeInIndex = 0; path = MCTTableViewDataProvider.app; sourceTree = BUILT_PRODUCTS_DIR; };
		84A6958019DC97D30036802A /* Info.plist */ = {isa = PBXFileReference; lastKnownFileType = text.plist.xml; path = Info.plist; sourceTree = "<group>"; };
		84A6958119DC97D30036802A /* main.m */ = {isa = PBXFileReference; lastKnownFileType = sourcecode.c.objc; path = main.m; sourceTree = "<group>"; };
		84A6958319DC97D30036802A /* AppDelegate.h */ = {isa = PBXFileReference; lastKnownFileType = sourcecode.c.h; path = AppDelegate.h; sourceTree = "<group>"; };
		84A6958419DC97D30036802A /* AppDelegate.m */ = {isa = PBXFileReference; lastKnownFileType = sourcecode.c.objc; path = AppDelegate.m; sourceTree = "<group>"; };
		84A6958619DC97D30036802A /* ViewController.h */ = {isa = PBXFileReference; lastKnownFileType = sourcecode.c.h; path = ViewController.h; sourceTree = "<group>"; };
		84A6958719DC97D30036802A /* ViewController.m */ = {isa = PBXFileReference; lastKnownFileType = sourcecode.c.objc; path = ViewController.m; sourceTree = "<group>"; };
		84A6958A19DC97D30036802A /* Base */ = {isa = PBXFileReference; lastKnownFileType = file.storyboard; name = Base; path = Base.lproj/Main.storyboard; sourceTree = "<group>"; };
		84A6958C19DC97D30036802A /* Images.xcassets */ = {isa = PBXFileReference; lastKnownFileType = folder.assetcatalog; path = Images.xcassets; sourceTree = "<group>"; };
		84A6958F19DC97D30036802A /* Base */ = {isa = PBXFileReference; lastKnownFileType = file.xib; name = Base; path = Base.lproj/LaunchScreen.xib; sourceTree = "<group>"; };
		84A6959519DC97D30036802A /* MCTTableViewDataProviderTests.xctest */ = {isa = PBXFileReference; explicitFileType = wrapper.cfbundle; includeInIndex = 0; path = MCTTableViewDataProviderTests.xctest; sourceTree = BUILT_PRODUCTS_DIR; };
		84A6959A19DC97D30036802A /* Info.plist */ = {isa = PBXFileReference; lastKnownFileType = text.plist.xml; path = Info.plist; sourceTree = "<group>"; };
		84A6959B19DC97D30036802A /* MCTTableViewDataProviderTests.m */ = {isa = PBXFileReference; lastKnownFileType = sourcecode.c.objc; path = MCTTableViewDataProviderTests.m; sourceTree = "<group>"; };
/* End PBXFileReference section */

/* Begin PBXFrameworksBuildPhase section */
		84A6957919DC97D30036802A /* Frameworks */ = {
			isa = PBXFrameworksBuildPhase;
			buildActionMask = 2147483647;
			files = (
			);
			runOnlyForDeploymentPostprocessing = 0;
		};
		84A6959219DC97D30036802A /* Frameworks */ = {
			isa = PBXFrameworksBuildPhase;
			buildActionMask = 2147483647;
			files = (
			);
			runOnlyForDeploymentPostprocessing = 0;
		};
/* End PBXFrameworksBuildPhase section */

/* Begin PBXGroup section */
		84A6957319DC97D30036802A = {
			isa = PBXGroup;
			children = (
				84A6957E19DC97D30036802A /* MCTTableViewDataProvider */,
				84A6959819DC97D30036802A /* MCTTableViewDataProviderTests */,
				84A6957D19DC97D30036802A /* Products */,
			);
			sourceTree = "<group>";
		};
		84A6957D19DC97D30036802A /* Products */ = {
			isa = PBXGroup;
			children = (
				84A6957C19DC97D30036802A /* MCTTableViewDataProvider.app */,
				84A6959519DC97D30036802A /* MCTTableViewDataProviderTests.xctest */,
			);
			name = Products;
			sourceTree = "<group>";
		};
		84A6957E19DC97D30036802A /* MCTTableViewDataProvider */ = {
			isa = PBXGroup;
			children = (
				84A6958319DC97D30036802A /* AppDelegate.h */,
				84A6958419DC97D30036802A /* AppDelegate.m */,
				84A6958619DC97D30036802A /* ViewController.h */,
				84A6958719DC97D30036802A /* ViewController.m */,
				84A6958919DC97D30036802A /* Main.storyboard */,
				84A6958C19DC97D30036802A /* Images.xcassets */,
				84A6958E19DC97D30036802A /* LaunchScreen.xib */,
				84A6957F19DC97D30036802A /* Supporting Files */,
			);
			path = MCTTableViewDataProvider;
			sourceTree = "<group>";
		};
		84A6957F19DC97D30036802A /* Supporting Files */ = {
			isa = PBXGroup;
			children = (
				84A6958019DC97D30036802A /* Info.plist */,
				84A6958119DC97D30036802A /* main.m */,
			);
			name = "Supporting Files";
			sourceTree = "<group>";
		};
		84A6959819DC97D30036802A /* MCTTableViewDataProviderTests */ = {
			isa = PBXGroup;
			children = (
				84A6959B19DC97D30036802A /* MCTTableViewDataProviderTests.m */,
				84A6959919DC97D30036802A /* Supporting Files */,
			);
			path = MCTTableViewDataProviderTests;
			sourceTree = "<group>";
		};
		84A6959919DC97D30036802A /* Supporting Files */ = {
			isa = PBXGroup;
			children = (
				84A6959A19DC97D30036802A /* Info.plist */,
			);
			name = "Supporting Files";
			sourceTree = "<group>";
		};
/* End PBXGroup section */

/* Begin PBXNativeTarget section */
		84A6957B19DC97D30036802A /* MCTTableViewDataProvider */ = {
			isa = PBXNativeTarget;
			buildConfigurationList = 84A6959F19DC97D30036802A /* Build configuration list for PBXNativeTarget "MCTTableViewDataProvider" */;
			buildPhases = (
				84A6957819DC97D30036802A /* Sources */,
				84A6957919DC97D30036802A /* Frameworks */,
				84A6957A19DC97D30036802A /* Resources */,
			);
			buildRules = (
			);
			dependencies = (
			);
			name = MCTTableViewDataProvider;
			productName = MCTTableViewDataProvider;
			productReference = 84A6957C19DC97D30036802A /* MCTTableViewDataProvider.app */;
			productType = "com.apple.product-type.application";
		};
		84A6959419DC97D30036802A /* MCTTableViewDataProviderTests */ = {
			isa = PBXNativeTarget;
			buildConfigurationList = 84A695A219DC97D30036802A /* Build configuration list for PBXNativeTarget "MCTTableViewDataProviderTests" */;
			buildPhases = (
				84A6959119DC97D30036802A /* Sources */,
				84A6959219DC97D30036802A /* Frameworks */,
				84A6959319DC97D30036802A /* Resources */,
			);
			buildRules = (
			);
			dependencies = (
				84A6959719DC97D30036802A /* PBXTargetDependency */,
			);
			name = MCTTableViewDataProviderTests;
			productName = MCTTableViewDataProviderTests;
			productReference = 84A6959519DC97D30036802A /* MCTTableViewDataProviderTests.xctest */;
			productType = "com.apple.product-type.bundle.unit-test";
		};
/* End PBXNativeTarget section */

/* Begin PBXProject section */
		84A6957419DC97D30036802A /* Project object */ = {
			isa = PBXProject;
			attributes = {
				LastUpgradeCheck = 0600;
				ORGANIZATIONNAME = Macostik;
				TargetAttributes = {
					84A6957B19DC97D30036802A = {
						CreatedOnToolsVersion = 6.0.1;
					};
					84A6959419DC97D30036802A = {
						CreatedOnToolsVersion = 6.0.1;
						TestTargetID = 84A6957B19DC97D30036802A;
					};
				};
			};
			buildConfigurationList = 84A6957719DC97D30036802A /* Build configuration list for PBXProject "MCTTableViewDataProvider" */;
			compatibilityVersion = "Xcode 3.2";
			developmentRegion = English;
			hasScannedForEncodings = 0;
			knownRegions = (
				en,
				Base,
			);
			mainGroup = 84A6957319DC97D30036802A;
			productRefGroup = 84A6957D19DC97D30036802A /* Products */;
			projectDirPath = "";
			projectRoot = "";
			targets = (
				84A6957B19DC97D30036802A /* MCTTableViewDataProvider */,
				84A6959419DC97D30036802A /* MCTTableViewDataProviderTests */,
			);
		};
/* End PBXProject section */

/* Begin PBXResourcesBuildPhase section */
		84A6957A19DC97D30036802A /* Resources */ = {
			isa = PBXResourcesBuildPhase;
			buildActionMask = 2147483647;
			files = (
				84A6958B19DC97D30036802A /* Main.storyboard in Resources */,
				84A6959019DC97D30036802A /* LaunchScreen.xib in Resources */,
				84A6958D19DC97D30036802A /* Images.xcassets in Resources */,
			);
			runOnlyForDeploymentPostprocessing = 0;
		};
		84A6959319DC97D30036802A /* Resources */ = {
			isa = PBXResourcesBuildPhase;
			buildActionMask = 2147483647;
			files = (
			);
			runOnlyForDeploymentPostprocessing = 0;
		};
/* End PBXResourcesBuildPhase section */

/* Begin PBXSourcesBuildPhase section */
		84A6957819DC97D30036802A /* Sources */ = {
			isa = PBXSourcesBuildPhase;
			buildActionMask = 2147483647;
			files = (
				84A6958819DC97D30036802A /* ViewController.m in Sources */,
				84A6958519DC97D30036802A /* AppDelegate.m in Sources */,
				84A6958219DC97D30036802A /* main.m in Sources */,
			);
			runOnlyForDeploymentPostprocessing = 0;
		};
		84A6959119DC97D30036802A /* Sources */ = {
			isa = PBXSourcesBuildPhase;
			buildActionMask = 2147483647;
			files = (
				84A6959C19DC97D30036802A /* MCTTableViewDataProviderTests.m in Sources */,
			);
			runOnlyForDeploymentPostprocessing = 0;
		};
/* End PBXSourcesBuildPhase section */

/* Begin PBXTargetDependency section */
		84A6959719DC97D30036802A /* PBXTargetDependency */ = {
			isa = PBXTargetDependency;
			target = 84A6957B19DC97D30036802A /* MCTTableViewDataProvider */;
			targetProxy = 84A6959619DC97D30036802A /* PBXContainerItemProxy */;
		};
/* End PBXTargetDependency section */

/* Begin PBXVariantGroup section */
		84A6958919DC97D30036802A /* Main.storyboard */ = {
			isa = PBXVariantGroup;
			children = (
				84A6958A19DC97D30036802A /* Base */,
			);
			name = Main.storyboard;
			sourceTree = "<group>";
		};
		84A6958E19DC97D30036802A /* LaunchScreen.xib */ = {
			isa = PBXVariantGroup;
			children = (
				84A6958F19DC97D30036802A /* Base */,
			);
			name = LaunchScreen.xib;
			sourceTree = "<group>";
		};
/* End PBXVariantGroup section */

/* Begin XCBuildConfiguration section */
		84A6959D19DC97D30036802A /* Debug */ = {
			isa = XCBuildConfiguration;
			buildSettings = {
				ALWAYS_SEARCH_USER_PATHS = NO;
				CLANG_CXX_LANGUAGE_STANDARD = "gnu++0x";
				CLANG_CXX_LIBRARY = "libc++";
				CLANG_ENABLE_MODULES = YES;
				CLANG_ENABLE_OBJC_ARC = YES;
				CLANG_WARN_BOOL_CONVERSION = YES;
				CLANG_WARN_CONSTANT_CONVERSION = YES;
				CLANG_WARN_DIRECT_OBJC_ISA_USAGE = YES_ERROR;
				CLANG_WARN_EMPTY_BODY = YES;
				CLANG_WARN_ENUM_CONVERSION = YES;
				CLANG_WARN_INT_CONVERSION = YES;
				CLANG_WARN_OBJC_ROOT_CLASS = YES_ERROR;
				CLANG_WARN_UNREACHABLE_CODE = YES;
				CLANG_WARN__DUPLICATE_METHOD_MATCH = YES;
				"CODE_SIGN_IDENTITY[sdk=iphoneos*]" = "iPhone Developer";
				COPY_PHASE_STRIP = NO;
				ENABLE_STRICT_OBJC_MSGSEND = YES;
				GCC_C_LANGUAGE_STANDARD = gnu99;
				GCC_DYNAMIC_NO_PIC = NO;
				GCC_OPTIMIZATION_LEVEL = 0;
				GCC_PREPROCESSOR_DEFINITIONS = (
					"DEBUG=1",
					"$(inherited)",
				);
				GCC_SYMBOLS_PRIVATE_EXTERN = NO;
				GCC_WARN_64_TO_32_BIT_CONVERSION = YES;
				GCC_WARN_ABOUT_RETURN_TYPE = YES_ERROR;
				GCC_WARN_UNDECLARED_SELECTOR = YES;
				GCC_WARN_UNINITIALIZED_AUTOS = YES_AGGRESSIVE;
				GCC_WARN_UNUSED_FUNCTION = YES;
				GCC_WARN_UNUSED_VARIABLE = YES;
				IPHONEOS_DEPLOYMENT_TARGET = 8.0;
				MTL_ENABLE_DEBUG_INFO = YES;
				ONLY_ACTIVE_ARCH = YES;
				SDKROOT = iphoneos;
			};
			name = Debug;
		};
		84A6959E19DC97D30036802A /* Release */ = {
			isa = XCBuildConfiguration;
			buildSettings = {
				ALWAYS_SEARCH_USER_PATHS = NO;
				CLANG_CXX_LANGUAGE_STANDARD = "gnu++0x";
				CLANG_CXX_LIBRARY = "libc++";
				CLANG_ENABLE_MODULES = YES;
				CLANG_ENABLE_OBJC_ARC = YES;
				CLANG_WARN_BOOL_CONVERSION = YES;
				CLANG_WARN_CONSTANT_CONVERSION = YES;
				CLANG_WARN_DIRECT_OBJC_ISA_USAGE = YES_ERROR;
				CLANG_WARN_EMPTY_BODY = YES;
				CLANG_WARN_ENUM_CONVERSION = YES;
				CLANG_WARN_INT_CONVERSION = YES;
				CLANG_WARN_OBJC_ROOT_CLASS = YES_ERROR;
				CLANG_WARN_UNREACHABLE_CODE = YES;
				CLANG_WARN__DUPLICATE_METHOD_MATCH = YES;
				"CODE_SIGN_IDENTITY[sdk=iphoneos*]" = "iPhone Developer";
				COPY_PHASE_STRIP = YES;
				ENABLE_NS_ASSERTIONS = NO;
				ENABLE_STRICT_OBJC_MSGSEND = YES;
				GCC_C_LANGUAGE_STANDARD = gnu99;
				GCC_WARN_64_TO_32_BIT_CONVERSION = YES;
				GCC_WARN_ABOUT_RETURN_TYPE = YES_ERROR;
				GCC_WARN_UNDECLARED_SELECTOR = YES;
				GCC_WARN_UNINITIALIZED_AUTOS = YES_AGGRESSIVE;
				GCC_WARN_UNUSED_FUNCTION = YES;
				GCC_WARN_UNUSED_VARIABLE = YES;
				IPHONEOS_DEPLOYMENT_TARGET = 8.0;
				MTL_ENABLE_DEBUG_INFO = NO;
				SDKROOT = iphoneos;
				VALIDATE_PRODUCT = YES;
			};
			name = Release;
		};
		84A695A019DC97D30036802A /* Debug */ = {
			isa = XCBuildConfiguration;
			buildSettings = {
				ASSETCATALOG_COMPILER_APPICON_NAME = AppIcon;
				INFOPLIST_FILE = MCTTableViewDataProvider/Info.plist;
				LD_RUNPATH_SEARCH_PATHS = "$(inherited) @executable_path/Frameworks";
				PRODUCT_NAME = "$(TARGET_NAME)";
			};
			name = Debug;
		};
		84A695A119DC97D30036802A /* Release */ = {
			isa = XCBuildConfiguration;
			buildSettings = {
				ASSETCATALOG_COMPILER_APPICON_NAME = AppIcon;
				INFOPLIST_FILE = MCTTableViewDataProvider/Info.plist;
				LD_RUNPATH_SEARCH_PATHS = "$(inherited) @executable_path/Frameworks";
				PRODUCT_NAME = "$(TARGET_NAME)";
			};
			name = Release;
		};
		84A695A319DC97D30036802A /* Debug */ = {
			isa = XCBuildConfiguration;
			buildSettings = {
				BUNDLE_LOADER = "$(TEST_HOST)";
				FRAMEWORK_SEARCH_PATHS = (
					"$(SDKROOT)/Developer/Library/Frameworks",
					"$(inherited)",
				);
				GCC_PREPROCESSOR_DEFINITIONS = (
					"DEBUG=1",
					"$(inherited)",
				);
				INFOPLIST_FILE = MCTTableViewDataProviderTests/Info.plist;
				LD_RUNPATH_SEARCH_PATHS = "$(inherited) @executable_path/Frameworks @loader_path/Frameworks";
				PRODUCT_NAME = "$(TARGET_NAME)";
				TEST_HOST = "$(BUILT_PRODUCTS_DIR)/MCTTableViewDataProvider.app/MCTTableViewDataProvider";
			};
			name = Debug;
		};
		84A695A419DC97D30036802A /* Release */ = {
			isa = XCBuildConfiguration;
			buildSettings = {
				BUNDLE_LOADER = "$(TEST_HOST)";
				FRAMEWORK_SEARCH_PATHS = (
					"$(SDKROOT)/Developer/Library/Frameworks",
					"$(inherited)",
				);
				INFOPLIST_FILE = MCTTableViewDataProviderTests/Info.plist;
				LD_RUNPATH_SEARCH_PATHS = "$(inherited) @executable_path/Frameworks @loader_path/Frameworks";
				PRODUCT_NAME = "$(TARGET_NAME)";
				TEST_HOST = "$(BUILT_PRODUCTS_DIR)/MCTTableViewDataProvider.app/MCTTableViewDataProvider";
			};
			name = Release;
		};
/* End XCBuildConfiguration section */

/* Begin XCConfigurationList section */
		84A6957719DC97D30036802A /* Build configuration list for PBXProject "MCTTableViewDataProvider" */ = {
			isa = XCConfigurationList;
			buildConfigurations = (
				84A6959D19DC97D30036802A /* Debug */,
				84A6959E19DC97D30036802A /* Release */,
			);
			defaultConfigurationIsVisible = 0;
			defaultConfigurationName = Release;
		};
		84A6959F19DC97D30036802A /* Build configuration list for PBXNativeTarget "MCTTableViewDataProvider" */ = {
			isa = XCConfigurationList;
			buildConfigurations = (
				84A695A019DC97D30036802A /* Debug */,
				84A695A119DC97D30036802A /* Release */,
			);
			defaultConfigurationIsVisible = 0;
		};
		84A695A219DC97D30036802A /* Build configuration list for PBXNativeTarget "MCTTableViewDataProviderTests" */ = {
			isa = XCConfigurationList;
			buildConfigurations = (
				84A695A319DC97D30036802A /* Debug */,
				84A695A419DC97D30036802A /* Release */,
			);
			defaultConfigurationIsVisible = 0;
		};
/* End XCConfigurationList section */
	};
	rootObject = 84A6957419DC97D30036802A /* Project object */;
}
